
Microsoft Visual Studio Solution File, Format Version 12.00
# Visual Studio Version 16
VisualStudioVersion = 16.0.30330.147
MinimumVisualStudioVersion = 10.0.40219.1
Project("{FAE04EC0-301F-11D3-BF4B-00C04F79EFBC}") = "IMUTest.Android", "IMUTest\IMUTest.Android\IMUTest.Android.csproj", "{0CA271F0-CCDB-47ED-8658-425F2319905D}"
EndProject
Project("{FAE04EC0-301F-11D3-BF4B-00C04F79EFBC}") = "IMUTest", "IMUTest\IMUTest\IMUTest.csproj", "{4433E17A-EA80-4A04-BB00-90946C5CD7F7}"
EndProject
Global
	GlobalSection(SolutionConfigurationPlatforms) = preSolution
		Debug|Any CPU = Debug|Any CPU
		Release|Any CPU = Release|Any CPU
	EndGlobalSection
	GlobalSection(ProjectConfigurationPlatforms) = postSolution
		{0CA271F0-CCDB-47ED-8658-425F2319905D}.Debug|Any CPU.ActiveCfg = Debug|Any CPU
		{0CA271F0-CCDB-47ED-8658-425F2319905D}.Debug|Any CPU.Build.0 = Debug|Any CPU
		{0CA271F0-CCDB-47ED-8658-425F2319905D}.Debug|Any CPU.Deploy.0 = Debug|Any CPU
		{0CA271F0-CCDB-47ED-8658-425F2319905D}.Release|Any CPU.ActiveCfg = Release|Any CPU
		{0CA271F0-CCDB-47ED-8658-425F2319905D}.Release|Any CPU.Build.0 = Release|Any CPU
		{0CA271F0-CCDB-47ED-8658-425F2319905D}.Release|Any CPU.Deploy.0 = Release|Any CPU
		{4433E17A-EA80-4A04-BB00-90946C5CD7F7}.Debug|Any CPU.ActiveCfg = Debug|Any CPU
		{4433E17A-EA80-4A04-BB00-90946C5CD7F7}.Debug|Any CPU.Build.0 = Debug|Any CPU
		{4433E17A-EA80-4A04-BB00-90946C5CD7F7}.Debug|Any CPU.Deploy.0 = Debug|Any CPU
		{4433E17A-EA80-4A04-BB00-90946C5CD7F7}.Release|Any CPU.ActiveCfg = Release|Any CPU
		{4433E17A-EA80-4A04-BB00-90946C5CD7F7}.Release|Any CPU.Build.0 = Release|Any CPU
		{4433E17A-EA80-4A04-BB00-90946C5CD7F7}.Release|Any CPU.Deploy.0 = Release|Any CPU
	EndGlobalSection
	GlobalSection(SolutionProperties) = preSolution
		HideSolutionNode = FALSE
	EndGlobalSection
	GlobalSection(ExtensibilityGlobals) = postSolution
		SolutionGuid = {DB2F3949-9EB6-4B34-B904-859874F8DE94}
	EndGlobalSection
EndGlobal
